// !$*UTF8*$!
{
	archiveVersion = 1;
	classes = {
	};
	objectVersion = 55;
	objects = {

/* Begin PBXBuildFile section */
		7F5141C8287DA5F000360895 /* CombineMapApp.swift in Sources */ = {isa = PBXBuildFile; fileRef = 7F5141C7287DA5F000360895 /* CombineMapApp.swift */; };
		7F5141CA287DA5F000360895 /* ContentView.swift in Sources */ = {isa = PBXBuildFile; fileRef = 7F5141C9287DA5F000360895 /* ContentView.swift */; };
		7F5141CC287DA5F300360895 /* Assets.xcassets in Resources */ = {isa = PBXBuildFile; fileRef = 7F5141CB287DA5F300360895 /* Assets.xcassets */; };
		7F5141CF287DA5F300360895 /* Preview Assets.xcassets in Resources */ = {isa = PBXBuildFile; fileRef = 7F5141CE287DA5F300360895 /* Preview Assets.xcassets */; };
		7F5141D7287DA62F00360895 /* PartialSheet in Frameworks */ = {isa = PBXBuildFile; productRef = 7F5141D6287DA62F00360895 /* PartialSheet */; };
		7F5141D9287DA66300360895 /* FirstMap.swift in Sources */ = {isa = PBXBuildFile; fileRef = 7F5141D8287DA66300360895 /* FirstMap.swift */; };
		7F5141DB287DA69400360895 /* MapView.swift in Sources */ = {isa = PBXBuildFile; fileRef = 7F5141DA287DA69400360895 /* MapView.swift */; };
		7F5141DD287DA6DB00360895 /* HalfModalView.swift in Sources */ = {isa = PBXBuildFile; fileRef = 7F5141DC287DA6DB00360895 /* HalfModalView.swift */; };
		7F5141DF287DA71900360895 /* MapViewModel.swift in Sources */ = {isa = PBXBuildFile; fileRef = 7F5141DE287DA71900360895 /* MapViewModel.swift */; };
/* End PBXBuildFile section */

/* Begin PBXFileReference section */
		7F5141C4287DA5F000360895 /* CombineMap.app */ = {isa = PBXFileReference; explicitFileType = wrapper.application; includeInIndex = 0; path = CombineMap.app; sourceTree = BUILT_PRODUCTS_DIR; };
		7F5141C7287DA5F000360895 /* CombineMapApp.swift */ = {isa = PBXFileReference; lastKnownFileType = sourcecode.swift; path = CombineMapApp.swift; sourceTree = "<group>"; };
		7F5141C9287DA5F000360895 /* ContentView.swift */ = {isa = PBXFileReference; lastKnownFileType = sourcecode.swift; path = ContentView.swift; sourceTree = "<group>"; };
		7F5141CB287DA5F300360895 /* Assets.xcassets */ = {isa = PBXFileReference; lastKnownFileType = folder.assetcatalog; path = Assets.xcassets; sourceTree = "<group>"; };
		7F5141CE287DA5F300360895 /* Preview Assets.xcassets */ = {isa = PBXFileReference; lastKnownFileType = folder.assetcatalog; path = "Preview Assets.xcassets"; sourceTree = "<group>"; };
		7F5141D8287DA66300360895 /* FirstMap.swift */ = {isa = PBXFileReference; lastKnownFileType = sourcecode.swift; path = FirstMap.swift; sourceTree = "<group>"; };
		7F5141DA287DA69400360895 /* MapView.swift */ = {isa = PBXFileReference; lastKnownFileType = sourcecode.swift; path = MapView.swift; sourceTree = "<group>"; };
		7F5141DC287DA6DB00360895 /* HalfModalView.swift */ = {isa = PBXFileReference; lastKnownFileType = sourcecode.swift; path = HalfModalView.swift; sourceTree = "<group>"; };
		7F5141DE287DA71900360895 /* MapViewModel.swift */ = {isa = PBXFileReference; lastKnownFileType = sourcecode.swift; path = MapViewModel.swift; sourceTree = "<group>"; };
/* End PBXFileReference section */

/* Begin PBXFrameworksBuildPhase section */
		7F5141C1287DA5F000360895 /* Frameworks */ = {
			isa = PBXFrameworksBuildPhase;
			buildActionMask = 2147483647;
			files = (
				7F5141D7287DA62F00360895 /* PartialSheet in Frameworks */,
			);
			runOnlyForDeploymentPostprocessing = 0;
		};
/* End PBXFrameworksBuildPhase section */

/* Begin PBXGroup section */
		7F5141BB287DA5F000360895 = {
			isa = PBXGroup;
			children = (
				7F5141C6287DA5F000360895 /* CombineMap */,
				7F5141C5287DA5F000360895 /* Products */,
			);
			sourceTree = "<group>";
		};
		7F5141C5287DA5F000360895 /* Products */ = {
			isa = PBXGroup;
			children = (
				7F5141C4287DA5F000360895 /* CombineMap.app */,
			);
			name = Products;
			sourceTree = "<group>";
		};
		7F5141C6287DA5F000360895 /* CombineMap */ = {
			isa = PBXGroup;
			children = (
				7F5141C7287DA5F000360895 /* CombineMapApp.swift */,
				7F5141E0287DAF1200360895 /* View */,
				7F5141DE287DA71900360895 /* MapViewModel.swift */,
				7F5141CB287DA5F300360895 /* Assets.xcassets */,
				7F5141CD287DA5F300360895 /* Preview Content */,
			);
			path = CombineMap;
			sourceTree = "<group>";
		};
		7F5141CD287DA5F300360895 /* Preview Content */ = {
			isa = PBXGroup;
			children = (
				7F5141CE287DA5F300360895 /* Preview Assets.xcassets */,
			);
			path = "Preview Content";
			sourceTree = "<group>";
		};
		7F5141E0287DAF1200360895 /* View */ = {
			isa = PBXGroup;
			children = (
				7F5141D8287DA66300360895 /* FirstMap.swift */,
				7F5141C9287DA5F000360895 /* ContentView.swift */,
				7F5141DA287DA69400360895 /* MapView.swift */,
				7F5141DC287DA6DB00360895 /* HalfModalView.swift */,
			);
			path = View;
			sourceTree = "<group>";
		};
/* End PBXGroup section */

/* Begin PBXNativeTarget section */
		7F5141C3287DA5F000360895 /* CombineMap */ = {
			isa = PBXNativeTarget;
			buildConfigurationList = 7F5141D2287DA5F300360895 /* Build configuration list for PBXNativeTarget "CombineMap" */;
			buildPhases = (
				7F5141C0287DA5F000360895 /* Sources */,
				7F5141C1287DA5F000360895 /* Frameworks */,
				7F5141C2287DA5F000360895 /* Resources */,
			);
			buildRules = (
			);
			dependencies = (
			);
			name = CombineMap;
			packageProductDependencies = (
				7F5141D6287DA62F00360895 /* PartialSheet */,
			);
			productName = CombineMap;
			productReference = 7F5141C4287DA5F000360895 /* CombineMap.app */;
			productType = "com.apple.product-type.application";
		};
/* End PBXNativeTarget section */

/* Begin PBXProject section */
		7F5141BC287DA5F000360895 /* Project object */ = {
			isa = PBXProject;
			attributes = {
				BuildIndependentTargetsInParallel = 1;
				LastSwiftUpdateCheck = 1340;
				LastUpgradeCheck = 1340;
				TargetAttributes = {
					7F5141C3287DA5F000360895 = {
						CreatedOnToolsVersion = 13.4;
					};
				};
			};
			buildConfigurationList = 7F5141BF287DA5F000360895 /* Build configuration list for PBXProject "CombineMap" */;
			compatibilityVersion = "Xcode 13.0";
			developmentRegion = en;
			hasScannedForEncodings = 0;
			knownRegions = (
				en,
				Base,
			);
			mainGroup = 7F5141BB287DA5F000360895;
			packageReferences = (
				7F5141D5287DA62F00360895 /* XCRemoteSwiftPackageReference "PartialSheet" */,
			);
			productRefGroup = 7F5141C5287DA5F000360895 /* Products */;
			projectDirPath = "";
			projectRoot = "";
			targets = (
				7F5141C3287DA5F000360895 /* CombineMap */,
			);
		};
/* End PBXProject section */

/* Begin PBXResourcesBuildPhase section */
		7F5141C2287DA5F000360895 /* Resources */ = {
			isa = PBXResourcesBuildPhase;
			buildActionMask = 2147483647;
			files = (
				7F5141CF287DA5F300360895 /* Preview Assets.xcassets in Resources */,
				7F5141CC287DA5F300360895 /* Assets.xcassets in Resources */,
			);
			runOnlyForDeploymentPostprocessing = 0;
		};
/* End PBXResourcesBuildPhase section */

/* Begin PBXSourcesBuildPhase section */
		7F5141C0287DA5F000360895 /* Sources */ = {
			isa = PBXSourcesBuildPhase;
			buildActionMask = 2147483647;
			files = (
				7F5141D9287DA66300360895 /* FirstMap.swift in Sources */,
				7F5141CA287DA5F000360895 /* ContentView.swift in Sources */,
				7F5141DD287DA6DB00360895 /* HalfModalView.swift in Sources */,
				7F5141C8287DA5F000360895 /* CombineMapApp.swift in Sources */,
				7F5141DB287DA69400360895 /* MapView.swift in Sources */,
				7F5141DF287DA71900360895 /* MapViewModel.swift in Sources */,
			);
			runOnlyForDeploymentPostprocessing = 0;
		};
/* End PBXSourcesBuildPhase section */

/* Begin XCBuildConfiguration section */
		7F5141D0287DA5F300360895 /* Debug */ = {
			isa = XCBuildConfiguration;
			buildSettings = {
				ALWAYS_SEARCH_USER_PATHS = NO;
				CLANG_ANALYZER_NONNULL = YES;
				CLANG_ANALYZER_NUMBER_OBJECT_CONVERSION = YES_AGGRESSIVE;
				CLANG_CXX_LANGUAGE_STANDARD = "gnu++17";
				CLANG_ENABLE_MODULES = YES;
				CLANG_ENABLE_OBJC_ARC = YES;
				CLANG_ENABLE_OBJC_WEAK = YES;
				CLANG_WARN_BLOCK_CAPTURE_AUTORELEASING = YES;
				CLANG_WARN_BOOL_CONVERSION = YES;
				CLANG_WARN_COMMA = YES;
				CLANG_WARN_CONSTANT_CONVERSION = YES;
				CLANG_WARN_DEPRECATED_OBJC_IMPLEMENTATIONS = YES;
				CLANG_WARN_DIRECT_OBJC_ISA_USAGE = YES_ERROR;
				CLANG_WARN_DOCUMENTATION_COMMENTS = YES;
				CLANG_WARN_EMPTY_BODY = YES;
				CLANG_WARN_ENUM_CONVERSION = YES;
				CLANG_WARN_INFINITE_RECURSION = YES;
				CLANG_WARN_INT_CONVERSION = YES;
				CLANG_WARN_NON_LITERAL_NULL_CONVERSION = YES;
				CLANG_WARN_OBJC_IMPLICIT_RETAIN_SELF = YES;
				CLANG_WARN_OBJC_LITERAL_CONVERSION = YES;
				CLANG_WARN_OBJC_ROOT_CLASS = YES_ERROR;
				CLANG_WARN_QUOTED_INCLUDE_IN_FRAMEWORK_HEADER = YES;
				CLANG_WARN_RANGE_LOOP_ANALYSIS = YES;
				CLANG_WARN_STRICT_PROTOTYPES = YES;
				CLANG_WARN_SUSPICIOUS_MOVE = YES;
				CLANG_WARN_UNGUARDED_AVAILABILITY = YES_AGGRESSIVE;
				CLANG_WARN_UNREACHABLE_CODE = YES;
				CLANG_WARN__DUPLICATE_METHOD_MATCH = YES;
				COPY_PHASE_STRIP = NO;
				DEBUG_INFORMATION_FORMAT = dwarf;
				ENABLE_STRICT_OBJC_MSGSEND = YES;
				ENABLE_TESTABILITY = YES;
				GCC_C_LANGUAGE_STANDARD = gnu11;
				GCC_DYNAMIC_NO_PIC = NO;
				GCC_NO_COMMON_BLOCKS = YES;
				GCC_OPTIMIZATION_LEVEL = 0;
				GCC_PREPROCESSOR_DEFINITIONS = (
					"DEBUG=1",
					"$(inherited)",
				);
				GCC_WARN_64_TO_32_BIT_CONVERSION = YES;
				GCC_WARN_ABOUT_RETURN_TYPE = YES_ERROR;
				GCC_WARN_UNDECLARED_SELECTOR = YES;
				GCC_WARN_UNINITIALIZED_AUTOS = YES_AGGRESSIVE;
				GCC_WARN_UNUSED_FUNCTION = YES;
				GCC_WARN_UNUSED_VARIABLE = YES;
				IPHONEOS_DEPLOYMENT_TARGET = 15.4;
				MTL_ENABLE_DEBUG_INFO = INCLUDE_SOURCE;
				MTL_FAST_MATH = YES;
				ONLY_ACTIVE_ARCH = YES;
				SDKROOT = iphoneos;
				SWIFT_ACTIVE_COMPILATION_CONDITIONS = DEBUG;
				SWIFT_OPTIMIZATION_LEVEL = "-Onone";
			};
			name = Debug;
		};
		7F5141D1287DA5F300360895 /* Release */ = {
			isa = XCBuildConfiguration;
			buildSettings = {
				ALWAYS_SEARCH_USER_PATHS = NO;
				CLANG_ANALYZER_NONNULL = YES;
				CLANG_ANALYZER_NUMBER_OBJECT_CONVERSION = YES_AGGRESSIVE;
				CLANG_CXX_LANGUAGE_STANDARD = "gnu++17";
				CLANG_ENABLE_MODULES = YES;
				CLANG_ENABLE_OBJC_ARC = YES;
				CLANG_ENABLE_OBJC_WEAK = YES;
				CLANG_WARN_BLOCK_CAPTURE_AUTORELEASING = YES;
				CLANG_WARN_BOOL_CONVERSION = YES;
				CLANG_WARN_COMMA = YES;
				CLANG_WARN_CONSTANT_CONVERSION = YES;
				CLANG_WARN_DEPRECATED_OBJC_IMPLEMENTATIONS = YES;
				CLANG_WARN_DIRECT_OBJC_ISA_USAGE = YES_ERROR;
				CLANG_WARN_DOCUMENTATION_COMMENTS = YES;
				CLANG_WARN_EMPTY_BODY = YES;
				CLANG_WARN_ENUM_CONVERSION = YES;
				CLANG_WARN_INFINITE_RECURSION = YES;
				CLANG_WARN_INT_CONVERSION = YES;
				CLANG_WARN_NON_LITERAL_NULL_CONVERSION = YES;
				CLANG_WARN_OBJC_IMPLICIT_RETAIN_SELF = YES;
				CLANG_WARN_OBJC_LITERAL_CONVERSION = YES;
				CLANG_WARN_OBJC_ROOT_CLASS = YES_ERROR;
				CLANG_WARN_QUOTED_INCLUDE_IN_FRAMEWORK_HEADER = YES;
				CLANG_WARN_RANGE_LOOP_ANALYSIS = YES;
				CLANG_WARN_STRICT_PROTOTYPES = YES;
				CLANG_WARN_SUSPICIOUS_MOVE = YES;
				CLANG_WARN_UNGUARDED_AVAILABILITY = YES_AGGRESSIVE;
				CLANG_WARN_UNREACHABLE_CODE = YES;
				CLANG_WARN__DUPLICATE_METHOD_MATCH = YES;
				COPY_PHASE_STRIP = NO;
				DEBUG_INFORMATION_FORMAT = "dwarf-with-dsym";
				ENABLE_NS_ASSERTIONS = NO;
				ENABLE_STRICT_OBJC_MSGSEND = YES;
				GCC_C_LANGUAGE_STANDARD = gnu11;
				GCC_NO_COMMON_BLOCKS = YES;
				GCC_WARN_64_TO_32_BIT_CONVERSION = YES;
				GCC_WARN_ABOUT_RETURN_TYPE = YES_ERROR;
				GCC_WARN_UNDECLARED_SELECTOR = YES;
				GCC_WARN_UNINITIALIZED_AUTOS = YES_AGGRESSIVE;
				GCC_WARN_UNUSED_FUNCTION = YES;
				GCC_WARN_UNUSED_VARIABLE = YES;
				IPHONEOS_DEPLOYMENT_TARGET = 15.4;
				MTL_ENABLE_DEBUG_INFO = NO;
				MTL_FAST_MATH = YES;
				SDKROOT = iphoneos;
				SWIFT_COMPILATION_MODE = wholemodule;
				SWIFT_OPTIMIZATION_LEVEL = "-O";
				VALIDATE_PRODUCT = YES;
			};
			name = Release;
		};
		7F5141D3287DA5F300360895 /* Debug */ = {
			isa = XCBuildConfiguration;
			buildSettings = {
				ASSETCATALOG_COMPILER_APPICON_NAME = AppIcon;
				ASSETCATALOG_COMPILER_GLOBAL_ACCENT_COLOR_NAME = AccentColor;
				CODE_SIGN_STYLE = Automatic;
				CURRENT_PROJECT_VERSION = 1;
				DEVELOPMENT_ASSET_PATHS = "\"CombineMap/Preview Content\"";
				DEVELOPMENT_TEAM = N944WZ8FT2;
				ENABLE_PREVIEWS = YES;
				GENERATE_INFOPLIST_FILE = YES;
				INFOPLIST_KEY_UIApplicationSceneManifest_Generation = YES;
				INFOPLIST_KEY_UIApplicationSupportsIndirectInputEvents = YES;
				INFOPLIST_KEY_UILaunchScreen_Generation = YES;
				INFOPLIST_KEY_UISupportedInterfaceOrientations_iPad = "UIInterfaceOrientationPortrait UIInterfaceOrientationPortraitUpsideDown UIInterfaceOrientationLandscapeLeft UIInterfaceOrientationLandscapeRight";
				INFOPLIST_KEY_UISupportedInterfaceOrientations_iPhone = "UIInterfaceOrientationPortrait UIInterfaceOrientationLandscapeLeft UIInterfaceOrientationLandscapeRight";
				LD_RUNPATH_SEARCH_PATHS = (
					"$(inherited)",
					"@executable_path/Frameworks",
				);
				MARKETING_VERSION = 1.0;
				PRODUCT_BUNDLE_IDENTIFIER = jp.jec.ac.com.CombineMap;
				PRODUCT_NAME = "$(TARGET_NAME)";
				SWIFT_EMIT_LOC_STRINGS = YES;
				SWIFT_VERSION = 5.0;
				TARGETED_DEVICE_FAMILY = "1,2";
			};
			name = Debug;
		};
		7F5141D4287DA5F300360895 /* Release */ = {
			isa = XCBuildConfiguration;
			buildSettings = {
				ASSETCATALOG_COMPILER_APPICON_NAME = AppIcon;
				ASSETCATALOG_COMPILER_GLOBAL_ACCENT_COLOR_NAME = AccentColor;
				CODE_SIGN_STYLE = Automatic;
				CURRENT_PROJECT_VERSION = 1;
				DEVELOPMENT_ASSET_PATHS = "\"CombineMap/Preview Content\"";
				DEVELOPMENT_TEAM = N944WZ8FT2;
				ENABLE_PREVIEWS = YES;
				GENERATE_INFOPLIST_FILE = YES;
				INFOPLIST_KEY_UIApplicationSceneManifest_Generation = YES;
				INFOPLIST_KEY_UIApplicationSupportsIndirectInputEvents = YES;
				INFOPLIST_KEY_UILaunchScreen_Generation = YES;
				INFOPLIST_KEY_UISupportedInterfaceOrientations_iPad = "UIInterfaceOrientationPortrait UIInterfaceOrientationPortraitUpsideDown UIInterfaceOrientationLandscapeLeft UIInterfaceOrientationLandscapeRight";
				INFOPLIST_KEY_UISupportedInterfaceOrientations_iPhone = "UIInterfaceOrientationPortrait UIInterfaceOrientationLandscapeLeft UIInterfaceOrientationLandscapeRight";
				LD_RUNPATH_SEARCH_PATHS = (
					"$(inherited)",
					"@executable_path/Frameworks",
				);
				MARKETING_VERSION = 1.0;
				PRODUCT_BUNDLE_IDENTIFIER = jp.jec.ac.com.CombineMap;
				PRODUCT_NAME = "$(TARGET_NAME)";
				SWIFT_EMIT_LOC_STRINGS = YES;
				SWIFT_VERSION = 5.0;
				TARGETED_DEVICE_FAMILY = "1,2";
			};
			name = Release;
		};
/* End XCBuildConfiguration section */

/* Begin XCConfigurationList section */
		7F5141BF287DA5F000360895 /* Build configuration list for PBXProject "CombineMap" */ = {
			isa = XCConfigurationList;
			buildConfigurations = (
				7F5141D0287DA5F300360895 /* Debug */,
				7F5141D1287DA5F300360895 /* Release */,
			);
			defaultConfigurationIsVisible = 0;
			defaultConfigurationName = Release;
		};
		7F5141D2287DA5F300360895 /* Build configuration list for PBXNativeTarget "CombineMap" */ = {
			isa = XCConfigurationList;
			buildConfigurations = (
				7F5141D3287DA5F300360895 /* Debug */,
				7F5141D4287DA5F300360895 /* Release */,
			);
			defaultConfigurationIsVisible = 0;
			defaultConfigurationName = Release;
		};
/* End XCConfigurationList section */

/* Begin XCRemoteSwiftPackageReference section */
		7F5141D5287DA62F00360895 /* XCRemoteSwiftPackageReference "PartialSheet" */ = {
			isa = XCRemoteSwiftPackageReference;
			repositoryURL = "https://github.com/AndreaMiotto/PartialSheet";
			requirement = {
				kind = upToNextMajorVersion;
				minimumVersion = 2.0.0;
			};
		};
/* End XCRemoteSwiftPackageReference section */

/* Begin XCSwiftPackageProductDependency section */
		7F5141D6287DA62F00360895 /* PartialSheet */ = {
			isa = XCSwiftPackageProductDependency;
			package = 7F5141D5287DA62F00360895 /* XCRemoteSwiftPackageReference "PartialSheet" */;
			productName = PartialSheet;
		};
/* End XCSwiftPackageProductDependency section */
	};
	rootObject = 7F5141BC287DA5F000360895 /* Project object */;
}
